
Microsoft Visual Studio Solution File, Format Version 12.00
# Visual Studio Version 16
VisualStudioVersion = 16.0.34031.81
MinimumVisualStudioVersion = 10.0.40219.1
Project("{9A19103F-16F7-4668-BE54-9A1E7A4F7556}") = "Лаба1", "Лаба1\Лаба1.csproj", "{1EADECCF-FA2A-4FC4-BB7A-65BA6E43D957}"
EndProject
Project("{FAE04EC0-301F-11D3-BF4B-00C04F79EFBC}") = "Лаба2", "Лаба2\Лаба2.csproj", "{D50F5306-B6C5-486F-88B2-844C28C9F713}"
EndProject
Global
	GlobalSection(SolutionConfigurationPlatforms) = preSolution
		Debug|Any CPU = Debug|Any CPU
		Release|Any CPU = Release|Any CPU
	EndGlobalSection
	GlobalSection(ProjectConfigurationPlatforms) = postSolution
		{1EADECCF-FA2A-4FC4-BB7A-65BA6E43D957}.Debug|Any CPU.ActiveCfg = Debug|Any CPU
		{1EADECCF-FA2A-4FC4-BB7A-65BA6E43D957}.Debug|Any CPU.Build.0 = Debug|Any CPU
		{1EADECCF-FA2A-4FC4-BB7A-65BA6E43D957}.Release|Any CPU.ActiveCfg = Release|Any CPU
		{1EADECCF-FA2A-4FC4-BB7A-65BA6E43D957}.Release|Any CPU.Build.0 = Release|Any CPU
		{D50F5306-B6C5-486F-88B2-844C28C9F713}.Debug|Any CPU.ActiveCfg = Debug|Any CPU
		{D50F5306-B6C5-486F-88B2-844C28C9F713}.Debug|Any CPU.Build.0 = Debug|Any CPU
		{D50F5306-B6C5-486F-88B2-844C28C9F713}.Release|Any CPU.ActiveCfg = Release|Any CPU
		{D50F5306-B6C5-486F-88B2-844C28C9F713}.Release|Any CPU.Build.0 = Release|Any CPU
	EndGlobalSection
	GlobalSection(SolutionProperties) = preSolution
		HideSolutionNode = FALSE
	EndGlobalSection
	GlobalSection(ExtensibilityGlobals) = postSolution
		SolutionGuid = {E7D94812-0763-4A26-AED6-0DE98801C8A5}
	EndGlobalSection
EndGlobal
